
Microsoft Visual Studio Solution File, Format Version 9.00
# Visual Studio 2005
Project("{FAE04EC0-301F-11D3-BF4B-00C04F79EFBC}") = "FindInFiles", "FindInFiles\FindInFiles.csproj", "{71760719-225D-48F6-9E7C-07AD2743786B}"
EndProject
Global
	GlobalSection(SolutionConfigurationPlatforms) = preSolution
		Debug|Any CPU = Debug|Any CPU
		Release|Any CPU = Release|Any CPU
	EndGlobalSection
	GlobalSection(ProjectConfigurationPlatforms) = postSolution
		{71760719-225D-48F6-9E7C-07AD2743786B}.Debug|Any CPU.ActiveCfg = Debug|Any CPU
		{71760719-225D-48F6-9E7C-07AD2743786B}.Debug|Any CPU.Build.0 = Debug|Any CPU
		{71760719-225D-48F6-9E7C-07AD2743786B}.Release|Any CPU.ActiveCfg = Release|Any CPU
		{71760719-225D-48F6-9E7C-07AD2743786B}.Release|Any CPU.Build.0 = Release|Any CPU
	EndGlobalSection
	GlobalSection(SolutionProperties) = preSolution
		HideSolutionNode = FALSE
	EndGlobalSection
EndGlobal
